
Microsoft Visual Studio Solution File, Format Version 12.00
# Visual Studio Version 17
VisualStudioVersion = 17.5.33414.496
MinimumVisualStudioVersion = 10.0.40219.1
Project("{FAE04EC0-301F-11D3-BF4B-00C04F79EFBC}") = "G5", "G5.csproj", "{FFA59E9F-8C2F-425A-A541-7999640F91A3}"
EndProject
Global
	GlobalSection(SolutionConfigurationPlatforms) = preSolution
		Debug|Any CPU = Debug|Any CPU
		Release|Any CPU = Release|Any CPU
	EndGlobalSection
	GlobalSection(ProjectConfigurationPlatforms) = postSolution
		{FFA59E9F-8C2F-425A-A541-7999640F91A3}.Debug|Any CPU.ActiveCfg = Debug|Any CPU
		{FFA59E9F-8C2F-425A-A541-7999640F91A3}.Debug|Any CPU.Build.0 = Debug|Any CPU
		{FFA59E9F-8C2F-425A-A541-7999640F91A3}.Release|Any CPU.ActiveCfg = Release|Any CPU
		{FFA59E9F-8C2F-425A-A541-7999640F91A3}.Release|Any CPU.Build.0 = Release|Any CPU
	EndGlobalSection
	GlobalSection(SolutionProperties) = preSolution
		HideSolutionNode = FALSE
	EndGlobalSection
	GlobalSection(ExtensibilityGlobals) = postSolution
		SolutionGuid = {D8DE9DEA-6346-4E88-B408-AF90E557A73C}
	EndGlobalSection
EndGlobal
